// !$*UTF8*$!
{
	archiveVersion = 1;
	classes = {
	};
	objectVersion = 50;
	objects = {

/* Begin PBXBuildFile section */
		6FF02EB15D5049DC099C5648 /* Pods_ToDoList.framework in Frameworks */ = {isa = PBXBuildFile; fileRef = 07953119CD910C907A014925 /* Pods_ToDoList.framework */; };
		D018BA5B215BBC60008EC964 /* ToDoModel.swift in Sources */ = {isa = PBXBuildFile; fileRef = D018BA5A215BBC60008EC964 /* ToDoModel.swift */; };
		D05566FC22509409002EA61A /* LaunchScreen.storyboard in Resources */ = {isa = PBXBuildFile; fileRef = D05566FB22509409002EA61A /* LaunchScreen.storyboard */; };
		D07EAF9722428210009FB684 /* Constant.swift in Sources */ = {isa = PBXBuildFile; fileRef = D07EAF9622428210009FB684 /* Constant.swift */; };
		D09CBC6B21A2E8E100981E32 /* AlertManager.swift in Sources */ = {isa = PBXBuildFile; fileRef = D09CBC6A21A2E8E100981E32 /* AlertManager.swift */; };
		D0A6A5F3219C4D0200D6A526 /* ToDoListTests.swift in Sources */ = {isa = PBXBuildFile; fileRef = D0A6A5F2219C4D0200D6A526 /* ToDoListTests.swift */; };
		D0A6A5FD219C4D6000D6A526 /* ToDoListTableView.swift in Sources */ = {isa = PBXBuildFile; fileRef = D0A6A5FC219C4D6000D6A526 /* ToDoListTableView.swift */; };
		D0A6A5FF219C4D8900D6A526 /* TodoInputTableView.swift in Sources */ = {isa = PBXBuildFile; fileRef = D0A6A5FE219C4D8900D6A526 /* TodoInputTableView.swift */; };
		D0A6A602219C4DB500D6A526 /* ToDoDetailTableView.swift in Sources */ = {isa = PBXBuildFile; fileRef = D0A6A601219C4DB500D6A526 /* ToDoDetailTableView.swift */; };
		D0BB76D1219DAC7F000AF1E4 /* ToDoListUITests.swift in Sources */ = {isa = PBXBuildFile; fileRef = D0BB76D0219DAC7F000AF1E4 /* ToDoListUITests.swift */; };
		D0BDC06F2271EBAB00D1280B /* ToDoDetailProtocol.swift in Sources */ = {isa = PBXBuildFile; fileRef = D0BDC06E2271EBAB00D1280B /* ToDoDetailProtocol.swift */; };
		D0BDC0712271EBD900D1280B /* UIColorExtension.swift in Sources */ = {isa = PBXBuildFile; fileRef = D0BDC0702271EBD800D1280B /* UIColorExtension.swift */; };
		D0E57E172219312E0001D1C3 /* UIViewControllerExtension.swift in Sources */ = {isa = PBXBuildFile; fileRef = D0E57E162219312E0001D1C3 /* UIViewControllerExtension.swift */; };
		D0EAD27221999D23006D43E6 /* ToDoDetailViewController.swift in Sources */ = {isa = PBXBuildFile; fileRef = D0EAD27121999D23006D43E6 /* ToDoDetailViewController.swift */; };
		D0F9CC3A214A8E6000C51BD6 /* AppDelegate.swift in Sources */ = {isa = PBXBuildFile; fileRef = D0F9CC39214A8E6000C51BD6 /* AppDelegate.swift */; };
		D0F9CC41214A8E6300C51BD6 /* Assets.xcassets in Resources */ = {isa = PBXBuildFile; fileRef = D0F9CC40214A8E6300C51BD6 /* Assets.xcassets */; };
		D0F9CC4C214A8F5900C51BD6 /* InputViewController.swift in Sources */ = {isa = PBXBuildFile; fileRef = D0F9CC4B214A8F5900C51BD6 /* InputViewController.swift */; };
		D0F9CC4E214A8FCF00C51BD6 /* ToDoListViewController.swift in Sources */ = {isa = PBXBuildFile; fileRef = D0F9CC4D214A8FCF00C51BD6 /* ToDoListViewController.swift */; };
/* End PBXBuildFile section */

/* Begin PBXContainerItemProxy section */
		D0A6A5F5219C4D0200D6A526 /* PBXContainerItemProxy */ = {
			isa = PBXContainerItemProxy;
			containerPortal = D0F9CC2E214A8E6000C51BD6 /* Project object */;
			proxyType = 1;
			remoteGlobalIDString = D0F9CC35214A8E6000C51BD6;
			remoteInfo = ToDoList;
		};
		D0BB76D3219DAC7F000AF1E4 /* PBXContainerItemProxy */ = {
			isa = PBXContainerItemProxy;
			containerPortal = D0F9CC2E214A8E6000C51BD6 /* Project object */;
			proxyType = 1;
			remoteGlobalIDString = D0F9CC35214A8E6000C51BD6;
			remoteInfo = ToDoList;
		};
/* End PBXContainerItemProxy section */

/* Begin PBXFileReference section */
		018B747783F7C1779FEB3EC7 /* Pods-ToDoList.debug.xcconfig */ = {isa = PBXFileReference; includeInIndex = 1; lastKnownFileType = text.xcconfig; name = "Pods-ToDoList.debug.xcconfig"; path = "Pods/Target Support Files/Pods-ToDoList/Pods-ToDoList.debug.xcconfig"; sourceTree = "<group>"; };
		07953119CD910C907A014925 /* Pods_ToDoList.framework */ = {isa = PBXFileReference; explicitFileType = wrapper.framework; includeInIndex = 0; path = Pods_ToDoList.framework; sourceTree = BUILT_PRODUCTS_DIR; };
		9546D7C366211327E0362A85 /* Pods-ToDoList.release.xcconfig */ = {isa = PBXFileReference; includeInIndex = 1; lastKnownFileType = text.xcconfig; name = "Pods-ToDoList.release.xcconfig"; path = "Pods/Target Support Files/Pods-ToDoList/Pods-ToDoList.release.xcconfig"; sourceTree = "<group>"; };
		D018BA5A215BBC60008EC964 /* ToDoModel.swift */ = {isa = PBXFileReference; lastKnownFileType = sourcecode.swift; path = ToDoModel.swift; sourceTree = "<group>"; };
		D05566FB22509409002EA61A /* LaunchScreen.storyboard */ = {isa = PBXFileReference; lastKnownFileType = file.storyboard; path = LaunchScreen.storyboard; sourceTree = "<group>"; };
		D07EAF9622428210009FB684 /* Constant.swift */ = {isa = PBXFileReference; lastKnownFileType = sourcecode.swift; path = Constant.swift; sourceTree = "<group>"; };
		D09CBC6A21A2E8E100981E32 /* AlertManager.swift */ = {isa = PBXFileReference; lastKnownFileType = sourcecode.swift; path = AlertManager.swift; sourceTree = "<group>"; };
		D0A6A5F0219C4D0200D6A526 /* ToDoListTests.xctest */ = {isa = PBXFileReference; explicitFileType = wrapper.cfbundle; includeInIndex = 0; path = ToDoListTests.xctest; sourceTree = BUILT_PRODUCTS_DIR; };
		D0A6A5F2219C4D0200D6A526 /* ToDoListTests.swift */ = {isa = PBXFileReference; lastKnownFileType = sourcecode.swift; path = ToDoListTests.swift; sourceTree = "<group>"; };
		D0A6A5F4219C4D0200D6A526 /* Info.plist */ = {isa = PBXFileReference; lastKnownFileType = text.plist.xml; path = Info.plist; sourceTree = "<group>"; };
		D0A6A5FC219C4D6000D6A526 /* ToDoListTableView.swift */ = {isa = PBXFileReference; lastKnownFileType = sourcecode.swift; path = ToDoListTableView.swift; sourceTree = "<group>"; };
		D0A6A5FE219C4D8900D6A526 /* TodoInputTableView.swift */ = {isa = PBXFileReference; lastKnownFileType = sourcecode.swift; path = TodoInputTableView.swift; sourceTree = "<group>"; };
		D0A6A601219C4DB500D6A526 /* ToDoDetailTableView.swift */ = {isa = PBXFileReference; lastKnownFileType = sourcecode.swift; path = ToDoDetailTableView.swift; sourceTree = "<group>"; };
		D0BB76CE219DAC7F000AF1E4 /* ToDoListUITests.xctest */ = {isa = PBXFileReference; explicitFileType = wrapper.cfbundle; includeInIndex = 0; path = ToDoListUITests.xctest; sourceTree = BUILT_PRODUCTS_DIR; };
		D0BB76D0219DAC7F000AF1E4 /* ToDoListUITests.swift */ = {isa = PBXFileReference; lastKnownFileType = sourcecode.swift; path = ToDoListUITests.swift; sourceTree = "<group>"; };
		D0BB76D2219DAC7F000AF1E4 /* Info.plist */ = {isa = PBXFileReference; lastKnownFileType = text.plist.xml; path = Info.plist; sourceTree = "<group>"; };
		D0BDC06E2271EBAB00D1280B /* ToDoDetailProtocol.swift */ = {isa = PBXFileReference; lastKnownFileType = sourcecode.swift; path = ToDoDetailProtocol.swift; sourceTree = "<group>"; };
		D0BDC0702271EBD800D1280B /* UIColorExtension.swift */ = {isa = PBXFileReference; lastKnownFileType = sourcecode.swift; path = UIColorExtension.swift; sourceTree = "<group>"; };
		D0E57E162219312E0001D1C3 /* UIViewControllerExtension.swift */ = {isa = PBXFileReference; fileEncoding = 4; lastKnownFileType = sourcecode.swift; path = UIViewControllerExtension.swift; sourceTree = "<group>"; };
		D0EAD27121999D23006D43E6 /* ToDoDetailViewController.swift */ = {isa = PBXFileReference; lastKnownFileType = sourcecode.swift; path = ToDoDetailViewController.swift; sourceTree = "<group>"; };
		D0F9CC36214A8E6000C51BD6 /* ToDoList.app */ = {isa = PBXFileReference; explicitFileType = wrapper.application; includeInIndex = 0; path = ToDoList.app; sourceTree = BUILT_PRODUCTS_DIR; };
		D0F9CC39214A8E6000C51BD6 /* AppDelegate.swift */ = {isa = PBXFileReference; lastKnownFileType = sourcecode.swift; path = AppDelegate.swift; sourceTree = "<group>"; };
		D0F9CC40214A8E6300C51BD6 /* Assets.xcassets */ = {isa = PBXFileReference; lastKnownFileType = folder.assetcatalog; path = Assets.xcassets; sourceTree = "<group>"; };
		D0F9CC45214A8E6300C51BD6 /* Info.plist */ = {isa = PBXFileReference; lastKnownFileType = text.plist.xml; path = Info.plist; sourceTree = "<group>"; };
		D0F9CC4B214A8F5900C51BD6 /* InputViewController.swift */ = {isa = PBXFileReference; lastKnownFileType = sourcecode.swift; path = InputViewController.swift; sourceTree = "<group>"; };
		D0F9CC4D214A8FCF00C51BD6 /* ToDoListViewController.swift */ = {isa = PBXFileReference; lastKnownFileType = sourcecode.swift; path = ToDoListViewController.swift; sourceTree = "<group>"; };
/* End PBXFileReference section */

/* Begin PBXFrameworksBuildPhase section */
		D0A6A5ED219C4D0200D6A526 /* Frameworks */ = {
			isa = PBXFrameworksBuildPhase;
			buildActionMask = 2147483647;
			files = (
			);
			runOnlyForDeploymentPostprocessing = 0;
		};
		D0BB76CB219DAC7F000AF1E4 /* Frameworks */ = {
			isa = PBXFrameworksBuildPhase;
			buildActionMask = 2147483647;
			files = (
			);
			runOnlyForDeploymentPostprocessing = 0;
		};
		D0F9CC33214A8E6000C51BD6 /* Frameworks */ = {
			isa = PBXFrameworksBuildPhase;
			buildActionMask = 2147483647;
			files = (
				6FF02EB15D5049DC099C5648 /* Pods_ToDoList.framework in Frameworks */,
			);
			runOnlyForDeploymentPostprocessing = 0;
		};
/* End PBXFrameworksBuildPhase section */

/* Begin PBXGroup section */
		6CCC0313E41F865C1FBCF7CE /* Pods */ = {
			isa = PBXGroup;
			children = (
				018B747783F7C1779FEB3EC7 /* Pods-ToDoList.debug.xcconfig */,
				9546D7C366211327E0362A85 /* Pods-ToDoList.release.xcconfig */,
			);
			name = Pods;
			sourceTree = "<group>";
		};
		D05566FD2250944D002EA61A /* Other */ = {
			isa = PBXGroup;
			children = (
				D09CBC6A21A2E8E100981E32 /* AlertManager.swift */,
				D07EAF9622428210009FB684 /* Constant.swift */,
			);
			path = Other;
			sourceTree = "<group>";
		};
		D0A6A5F1219C4D0200D6A526 /* ToDoListTests */ = {
			isa = PBXGroup;
			children = (
				D0A6A5F2219C4D0200D6A526 /* ToDoListTests.swift */,
				D0A6A5F4219C4D0200D6A526 /* Info.plist */,
			);
			path = ToDoListTests;
			sourceTree = "<group>";
		};
		D0A6A5FA219C4D2200D6A526 /* ViewController */ = {
			isa = PBXGroup;
			children = (
				D0F9CC4D214A8FCF00C51BD6 /* ToDoListViewController.swift */,
				D0F9CC4B214A8F5900C51BD6 /* InputViewController.swift */,
				D0EAD27121999D23006D43E6 /* ToDoDetailViewController.swift */,
			);
			path = ViewController;
			sourceTree = "<group>";
		};
		D0A6A5FB219C4D3D00D6A526 /* View */ = {
			isa = PBXGroup;
			children = (
				D0A6A5FC219C4D6000D6A526 /* ToDoListTableView.swift */,
				D0A6A5FE219C4D8900D6A526 /* TodoInputTableView.swift */,
				D0A6A601219C4DB500D6A526 /* ToDoDetailTableView.swift */,
			);
			path = View;
			sourceTree = "<group>";
		};
		D0A86F7A21BBB30100C2B1CF /* Model */ = {
			isa = PBXGroup;
			children = (
				D018BA5A215BBC60008EC964 /* ToDoModel.swift */,
			);
			path = Model;
			sourceTree = "<group>";
		};
		D0BB76CF219DAC7F000AF1E4 /* ToDoListUITests */ = {
			isa = PBXGroup;
			children = (
				D0BB76D0219DAC7F000AF1E4 /* ToDoListUITests.swift */,
				D0BB76D2219DAC7F000AF1E4 /* Info.plist */,
			);
			path = ToDoListUITests;
			sourceTree = "<group>";
		};
		D0E57E13221930E00001D1C3 /* Extensions */ = {
			isa = PBXGroup;
			children = (
				D0E57E162219312E0001D1C3 /* UIViewControllerExtension.swift */,
				D0BDC0702271EBD800D1280B /* UIColorExtension.swift */,
				D0BDC06E2271EBAB00D1280B /* ToDoDetailProtocol.swift */,
			);
			path = Extensions;
			sourceTree = "<group>";
		};
		D0F9CC2D214A8E6000C51BD6 = {
			isa = PBXGroup;
			children = (
				D0F9CC38214A8E6000C51BD6 /* ToDoList */,
				D0A6A5F1219C4D0200D6A526 /* ToDoListTests */,
				D0BB76CF219DAC7F000AF1E4 /* ToDoListUITests */,
				D0F9CC37214A8E6000C51BD6 /* Products */,
				6CCC0313E41F865C1FBCF7CE /* Pods */,
				E5453F71F7BCE8F09495FD33 /* Frameworks */,
			);
			sourceTree = "<group>";
		};
		D0F9CC37214A8E6000C51BD6 /* Products */ = {
			isa = PBXGroup;
			children = (
				D0F9CC36214A8E6000C51BD6 /* ToDoList.app */,
				D0A6A5F0219C4D0200D6A526 /* ToDoListTests.xctest */,
				D0BB76CE219DAC7F000AF1E4 /* ToDoListUITests.xctest */,
			);
			name = Products;
			sourceTree = "<group>";
		};
		D0F9CC38214A8E6000C51BD6 /* ToDoList */ = {
			isa = PBXGroup;
			children = (
				D0F9CC39214A8E6000C51BD6 /* AppDelegate.swift */,
				D05566FB22509409002EA61A /* LaunchScreen.storyboard */,
				D0A6A5FA219C4D2200D6A526 /* ViewController */,
				D0A6A5FB219C4D3D00D6A526 /* View */,
				D0A86F7A21BBB30100C2B1CF /* Model */,
				D0E57E13221930E00001D1C3 /* Extensions */,
				D0F9CC40214A8E6300C51BD6 /* Assets.xcassets */,
				D05566FD2250944D002EA61A /* Other */,
				D0F9CC45214A8E6300C51BD6 /* Info.plist */,
			);
			path = ToDoList;
			sourceTree = "<group>";
		};
		E5453F71F7BCE8F09495FD33 /* Frameworks */ = {
			isa = PBXGroup;
			children = (
				07953119CD910C907A014925 /* Pods_ToDoList.framework */,
			);
			name = Frameworks;
			sourceTree = "<group>";
		};
/* End PBXGroup section */

/* Begin PBXNativeTarget section */
		D0A6A5EF219C4D0200D6A526 /* ToDoListTests */ = {
			isa = PBXNativeTarget;
			buildConfigurationList = D0A6A5F7219C4D0200D6A526 /* Build configuration list for PBXNativeTarget "ToDoListTests" */;
			buildPhases = (
				D0A6A5EC219C4D0200D6A526 /* Sources */,
				D0A6A5ED219C4D0200D6A526 /* Frameworks */,
				D0A6A5EE219C4D0200D6A526 /* Resources */,
			);
			buildRules = (
			);
			dependencies = (
				D0A6A5F6219C4D0200D6A526 /* PBXTargetDependency */,
			);
			name = ToDoListTests;
			productName = ToDoListTests;
			productReference = D0A6A5F0219C4D0200D6A526 /* ToDoListTests.xctest */;
			productType = "com.apple.product-type.bundle.unit-test";
		};
		D0BB76CD219DAC7F000AF1E4 /* ToDoListUITests */ = {
			isa = PBXNativeTarget;
			buildConfigurationList = D0BB76D7219DAC7F000AF1E4 /* Build configuration list for PBXNativeTarget "ToDoListUITests" */;
			buildPhases = (
				D0BB76CA219DAC7F000AF1E4 /* Sources */,
				D0BB76CB219DAC7F000AF1E4 /* Frameworks */,
				D0BB76CC219DAC7F000AF1E4 /* Resources */,
			);
			buildRules = (
			);
			dependencies = (
				D0BB76D4219DAC7F000AF1E4 /* PBXTargetDependency */,
			);
			name = ToDoListUITests;
			productName = ToDoListUITests;
			productReference = D0BB76CE219DAC7F000AF1E4 /* ToDoListUITests.xctest */;
			productType = "com.apple.product-type.bundle.ui-testing";
		};
		D0F9CC35214A8E6000C51BD6 /* ToDoList */ = {
			isa = PBXNativeTarget;
			buildConfigurationList = D0F9CC48214A8E6300C51BD6 /* Build configuration list for PBXNativeTarget "ToDoList" */;
			buildPhases = (
				6838C52BCEBBAACECC9FFE48 /* [CP] Check Pods Manifest.lock */,
				D0F9CC32214A8E6000C51BD6 /* Sources */,
				D0F9CC33214A8E6000C51BD6 /* Frameworks */,
				D0F9CC34214A8E6000C51BD6 /* Resources */,
				823DD5EB9F3B32312F5DD541 /* [CP] Embed Pods Frameworks */,
			);
			buildRules = (
			);
			dependencies = (
			);
			name = ToDoList;
			productName = ToDoList;
			productReference = D0F9CC36214A8E6000C51BD6 /* ToDoList.app */;
			productType = "com.apple.product-type.application";
		};
/* End PBXNativeTarget section */

/* Begin PBXProject section */
		D0F9CC2E214A8E6000C51BD6 /* Project object */ = {
			isa = PBXProject;
			attributes = {
				LastSwiftUpdateCheck = 1010;
				LastUpgradeCheck = 0940;
				ORGANIZATIONNAME = m.dobashi;
				TargetAttributes = {
					D0A6A5EF219C4D0200D6A526 = {
						CreatedOnToolsVersion = 10.1;
						LastSwiftMigration = 1020;
						TestTargetID = D0F9CC35214A8E6000C51BD6;
					};
					D0BB76CD219DAC7F000AF1E4 = {
						CreatedOnToolsVersion = 10.1;
						LastSwiftMigration = 1020;
						TestTargetID = D0F9CC35214A8E6000C51BD6;
					};
					D0F9CC35214A8E6000C51BD6 = {
						CreatedOnToolsVersion = 9.4.1;
						LastSwiftMigration = 1020;
					};
				};
			};
			buildConfigurationList = D0F9CC31214A8E6000C51BD6 /* Build configuration list for PBXProject "ToDoList" */;
			compatibilityVersion = "Xcode 9.3";
			developmentRegion = en;
			hasScannedForEncodings = 0;
			knownRegions = (
				en,
				Base,
			);
			mainGroup = D0F9CC2D214A8E6000C51BD6;
			productRefGroup = D0F9CC37214A8E6000C51BD6 /* Products */;
			projectDirPath = "";
			projectRoot = "";
			targets = (
				D0F9CC35214A8E6000C51BD6 /* ToDoList */,
				D0A6A5EF219C4D0200D6A526 /* ToDoListTests */,
				D0BB76CD219DAC7F000AF1E4 /* ToDoListUITests */,
			);
		};
/* End PBXProject section */

/* Begin PBXResourcesBuildPhase section */
		D0A6A5EE219C4D0200D6A526 /* Resources */ = {
			isa = PBXResourcesBuildPhase;
			buildActionMask = 2147483647;
			files = (
			);
			runOnlyForDeploymentPostprocessing = 0;
		};
		D0BB76CC219DAC7F000AF1E4 /* Resources */ = {
			isa = PBXResourcesBuildPhase;
			buildActionMask = 2147483647;
			files = (
			);
			runOnlyForDeploymentPostprocessing = 0;
		};
		D0F9CC34214A8E6000C51BD6 /* Resources */ = {
			isa = PBXResourcesBuildPhase;
			buildActionMask = 2147483647;
			files = (
				D05566FC22509409002EA61A /* LaunchScreen.storyboard in Resources */,
				D0F9CC41214A8E6300C51BD6 /* Assets.xcassets in Resources */,
			);
			runOnlyForDeploymentPostprocessing = 0;
		};
/* End PBXResourcesBuildPhase section */

/* Begin PBXShellScriptBuildPhase section */
		6838C52BCEBBAACECC9FFE48 /* [CP] Check Pods Manifest.lock */ = {
			isa = PBXShellScriptBuildPhase;
			buildActionMask = 2147483647;
			files = (
			);
			inputFileListPaths = (
			);
			inputPaths = (
				"${PODS_PODFILE_DIR_PATH}/Podfile.lock",
				"${PODS_ROOT}/Manifest.lock",
			);
			name = "[CP] Check Pods Manifest.lock";
			outputFileListPaths = (
			);
			outputPaths = (
				"$(DERIVED_FILE_DIR)/Pods-ToDoList-checkManifestLockResult.txt",
			);
			runOnlyForDeploymentPostprocessing = 0;
			shellPath = /bin/sh;
			shellScript = "diff \"${PODS_PODFILE_DIR_PATH}/Podfile.lock\" \"${PODS_ROOT}/Manifest.lock\" > /dev/null\nif [ $? != 0 ] ; then\n    # print error to STDERR\n    echo \"error: The sandbox is not in sync with the Podfile.lock. Run 'pod install' or update your CocoaPods installation.\" >&2\n    exit 1\nfi\n# This output is used by Xcode 'outputs' to avoid re-running this script phase.\necho \"SUCCESS\" > \"${SCRIPT_OUTPUT_FILE_0}\"\n";
			showEnvVarsInLog = 0;
		};
		823DD5EB9F3B32312F5DD541 /* [CP] Embed Pods Frameworks */ = {
			isa = PBXShellScriptBuildPhase;
			buildActionMask = 2147483647;
			files = (
			);
			inputFileListPaths = (
			);
			inputPaths = (
				"${SRCROOT}/Pods/Target Support Files/Pods-ToDoList/Pods-ToDoList-frameworks.sh",
				"${BUILT_PRODUCTS_DIR}/Realm/Realm.framework",
				"${BUILT_PRODUCTS_DIR}/RealmSwift/RealmSwift.framework",
			);
			name = "[CP] Embed Pods Frameworks";
			outputFileListPaths = (
			);
			outputPaths = (
				"${TARGET_BUILD_DIR}/${FRAMEWORKS_FOLDER_PATH}/Realm.framework",
				"${TARGET_BUILD_DIR}/${FRAMEWORKS_FOLDER_PATH}/RealmSwift.framework",
			);
			runOnlyForDeploymentPostprocessing = 0;
			shellPath = /bin/sh;
			shellScript = "\"${SRCROOT}/Pods/Target Support Files/Pods-ToDoList/Pods-ToDoList-frameworks.sh\"\n";
			showEnvVarsInLog = 0;
		};
/* End PBXShellScriptBuildPhase section */

/* Begin PBXSourcesBuildPhase section */
		D0A6A5EC219C4D0200D6A526 /* Sources */ = {
			isa = PBXSourcesBuildPhase;
			buildActionMask = 2147483647;
			files = (
				D0A6A5F3219C4D0200D6A526 /* ToDoListTests.swift in Sources */,
			);
			runOnlyForDeploymentPostprocessing = 0;
		};
		D0BB76CA219DAC7F000AF1E4 /* Sources */ = {
			isa = PBXSourcesBuildPhase;
			buildActionMask = 2147483647;
			files = (
				D0BB76D1219DAC7F000AF1E4 /* ToDoListUITests.swift in Sources */,
			);
			runOnlyForDeploymentPostprocessing = 0;
		};
		D0F9CC32214A8E6000C51BD6 /* Sources */ = {
			isa = PBXSourcesBuildPhase;
			buildActionMask = 2147483647;
			files = (
				D0F9CC3A214A8E6000C51BD6 /* AppDelegate.swift in Sources */,
				D0A6A602219C4DB500D6A526 /* ToDoDetailTableView.swift in Sources */,
				D0EAD27221999D23006D43E6 /* ToDoDetailViewController.swift in Sources */,
				D0BDC06F2271EBAB00D1280B /* ToDoDetailProtocol.swift in Sources */,
				D018BA5B215BBC60008EC964 /* ToDoModel.swift in Sources */,
				D0E57E172219312E0001D1C3 /* UIViewControllerExtension.swift in Sources */,
				D0BDC0712271EBD900D1280B /* UIColorExtension.swift in Sources */,
				D0F9CC4E214A8FCF00C51BD6 /* ToDoListViewController.swift in Sources */,
				D09CBC6B21A2E8E100981E32 /* AlertManager.swift in Sources */,
				D0A6A5FF219C4D8900D6A526 /* TodoInputTableView.swift in Sources */,
				D0F9CC4C214A8F5900C51BD6 /* InputViewController.swift in Sources */,
				D0A6A5FD219C4D6000D6A526 /* ToDoListTableView.swift in Sources */,
				D07EAF9722428210009FB684 /* Constant.swift in Sources */,
			);
			runOnlyForDeploymentPostprocessing = 0;
		};
/* End PBXSourcesBuildPhase section */

/* Begin PBXTargetDependency section */
		D0A6A5F6219C4D0200D6A526 /* PBXTargetDependency */ = {
			isa = PBXTargetDependency;
			target = D0F9CC35214A8E6000C51BD6 /* ToDoList */;
			targetProxy = D0A6A5F5219C4D0200D6A526 /* PBXContainerItemProxy */;
		};
		D0BB76D4219DAC7F000AF1E4 /* PBXTargetDependency */ = {
			isa = PBXTargetDependency;
			target = D0F9CC35214A8E6000C51BD6 /* ToDoList */;
			targetProxy = D0BB76D3219DAC7F000AF1E4 /* PBXContainerItemProxy */;
		};
/* End PBXTargetDependency section */

/* Begin XCBuildConfiguration section */
		D0A6A5F8219C4D0200D6A526 /* Debug */ = {
			isa = XCBuildConfiguration;
			buildSettings = {
				BUNDLE_LOADER = "$(TEST_HOST)";
				CODE_SIGN_STYLE = Automatic;
				DEVELOPMENT_TEAM = 7RPFL7EXKD;
				INFOPLIST_FILE = ToDoListTests/Info.plist;
				IPHONEOS_DEPLOYMENT_TARGET = 12.1;
				LD_RUNPATH_SEARCH_PATHS = (
					"$(inherited)",
					"@executable_path/Frameworks",
					"@loader_path/Frameworks",
				);
				MTL_ENABLE_DEBUG_INFO = INCLUDE_SOURCE;
				MTL_FAST_MATH = YES;
				PRODUCT_BUNDLE_IDENTIFIER = m.dobashi.ToDoListTests;
				PRODUCT_NAME = "$(TARGET_NAME)";
				SWIFT_VERSION = 5.0;
				TARGETED_DEVICE_FAMILY = "1,2";
				TEST_HOST = "$(BUILT_PRODUCTS_DIR)/ToDoList.app/ToDoList";
			};
			name = Debug;
		};
		D0A6A5F9219C4D0200D6A526 /* Release */ = {
			isa = XCBuildConfiguration;
			buildSettings = {
				BUNDLE_LOADER = "$(TEST_HOST)";
				CODE_SIGN_STYLE = Automatic;
				DEVELOPMENT_TEAM = 7RPFL7EXKD;
				INFOPLIST_FILE = ToDoListTests/Info.plist;
				IPHONEOS_DEPLOYMENT_TARGET = 12.1;
				LD_RUNPATH_SEARCH_PATHS = (
					"$(inherited)",
					"@executable_path/Frameworks",
					"@loader_path/Frameworks",
				);
				MTL_FAST_MATH = YES;
				PRODUCT_BUNDLE_IDENTIFIER = m.dobashi.ToDoListTests;
				PRODUCT_NAME = "$(TARGET_NAME)";
				SWIFT_VERSION = 5.0;
				TARGETED_DEVICE_FAMILY = "1,2";
				TEST_HOST = "$(BUILT_PRODUCTS_DIR)/ToDoList.app/ToDoList";
			};
			name = Release;
		};
		D0BB76D5219DAC7F000AF1E4 /* Debug */ = {
			isa = XCBuildConfiguration;
			buildSettings = {
				CODE_SIGN_STYLE = Automatic;
				DEVELOPMENT_TEAM = 7RPFL7EXKD;
				INFOPLIST_FILE = ToDoListUITests/Info.plist;
				IPHONEOS_DEPLOYMENT_TARGET = 12.1;
				LD_RUNPATH_SEARCH_PATHS = (
					"$(inherited)",
					"@executable_path/Frameworks",
					"@loader_path/Frameworks",
				);
				MTL_ENABLE_DEBUG_INFO = INCLUDE_SOURCE;
				MTL_FAST_MATH = YES;
				PRODUCT_BUNDLE_IDENTIFIER = m.dobashi.ToDoListUITests;
				PRODUCT_NAME = "$(TARGET_NAME)";
				SWIFT_VERSION = 5.0;
				TARGETED_DEVICE_FAMILY = "1,2";
				TEST_TARGET_NAME = ToDoList;
			};
			name = Debug;
		};
		D0BB76D6219DAC7F000AF1E4 /* Release */ = {
			isa = XCBuildConfiguration;
			buildSettings = {
				CODE_SIGN_STYLE = Automatic;
				DEVELOPMENT_TEAM = 7RPFL7EXKD;
				INFOPLIST_FILE = ToDoListUITests/Info.plist;
				IPHONEOS_DEPLOYMENT_TARGET = 12.1;
				LD_RUNPATH_SEARCH_PATHS = (
					"$(inherited)",
					"@executable_path/Frameworks",
					"@loader_path/Frameworks",
				);
				MTL_FAST_MATH = YES;
				PRODUCT_BUNDLE_IDENTIFIER = m.dobashi.ToDoListUITests;
				PRODUCT_NAME = "$(TARGET_NAME)";
				SWIFT_VERSION = 5.0;
				TARGETED_DEVICE_FAMILY = "1,2";
				TEST_TARGET_NAME = ToDoList;
			};
			name = Release;
		};
		D0F9CC46214A8E6300C51BD6 /* Debug */ = {
			isa = XCBuildConfiguration;
			buildSettings = {
				ALWAYS_SEARCH_USER_PATHS = NO;
				CLANG_ANALYZER_NONNULL = YES;
				CLANG_ANALYZER_NUMBER_OBJECT_CONVERSION = YES_AGGRESSIVE;
				CLANG_CXX_LANGUAGE_STANDARD = "gnu++14";
				CLANG_CXX_LIBRARY = "libc++";
				CLANG_ENABLE_MODULES = YES;
				CLANG_ENABLE_OBJC_ARC = YES;
				CLANG_ENABLE_OBJC_WEAK = YES;
				CLANG_WARN_BLOCK_CAPTURE_AUTORELEASING = YES;
				CLANG_WARN_BOOL_CONVERSION = YES;
				CLANG_WARN_COMMA = YES;
				CLANG_WARN_CONSTANT_CONVERSION = YES;
				CLANG_WARN_DEPRECATED_OBJC_IMPLEMENTATIONS = YES;
				CLANG_WARN_DIRECT_OBJC_ISA_USAGE = YES_ERROR;
				CLANG_WARN_DOCUMENTATION_COMMENTS = YES;
				CLANG_WARN_EMPTY_BODY = YES;
				CLANG_WARN_ENUM_CONVERSION = YES;
				CLANG_WARN_INFINITE_RECURSION = YES;
				CLANG_WARN_INT_CONVERSION = YES;
				CLANG_WARN_NON_LITERAL_NULL_CONVERSION = YES;
				CLANG_WARN_OBJC_IMPLICIT_RETAIN_SELF = YES;
				CLANG_WARN_OBJC_LITERAL_CONVERSION = YES;
				CLANG_WARN_OBJC_ROOT_CLASS = YES_ERROR;
				CLANG_WARN_RANGE_LOOP_ANALYSIS = YES;
				CLANG_WARN_STRICT_PROTOTYPES = YES;
				CLANG_WARN_SUSPICIOUS_MOVE = YES;
				CLANG_WARN_UNGUARDED_AVAILABILITY = YES_AGGRESSIVE;
				CLANG_WARN_UNREACHABLE_CODE = YES;
				CLANG_WARN__DUPLICATE_METHOD_MATCH = YES;
				CODE_SIGN_IDENTITY = "iPhone Developer";
				COPY_PHASE_STRIP = NO;
				DEBUG_INFORMATION_FORMAT = dwarf;
				ENABLE_STRICT_OBJC_MSGSEND = YES;
				ENABLE_TESTABILITY = YES;
				GCC_C_LANGUAGE_STANDARD = gnu11;
				GCC_DYNAMIC_NO_PIC = NO;
				GCC_NO_COMMON_BLOCKS = YES;
				GCC_OPTIMIZATION_LEVEL = 0;
				GCC_PREPROCESSOR_DEFINITIONS = (
					"DEBUG=1",
					"$(inherited)",
				);
				GCC_WARN_64_TO_32_BIT_CONVERSION = YES;
				GCC_WARN_ABOUT_RETURN_TYPE = YES_ERROR;
				GCC_WARN_UNDECLARED_SELECTOR = YES;
				GCC_WARN_UNINITIALIZED_AUTOS = YES_AGGRESSIVE;
				GCC_WARN_UNUSED_FUNCTION = YES;
				GCC_WARN_UNUSED_VARIABLE = YES;
				IPHONEOS_DEPLOYMENT_TARGET = 11.4;
				MTL_ENABLE_DEBUG_INFO = YES;
				ONLY_ACTIVE_ARCH = YES;
				SDKROOT = iphoneos;
				SWIFT_ACTIVE_COMPILATION_CONDITIONS = DEBUG;
				SWIFT_OPTIMIZATION_LEVEL = "-Onone";
			};
			name = Debug;
		};
		D0F9CC47214A8E6300C51BD6 /* Release */ = {
			isa = XCBuildConfiguration;
			buildSettings = {
				ALWAYS_SEARCH_USER_PATHS = NO;
				CLANG_ANALYZER_NONNULL = YES;
				CLANG_ANALYZER_NUMBER_OBJECT_CONVERSION = YES_AGGRESSIVE;
				CLANG_CXX_LANGUAGE_STANDARD = "gnu++14";
				CLANG_CXX_LIBRARY = "libc++";
				CLANG_ENABLE_MODULES = YES;
				CLANG_ENABLE_OBJC_ARC = YES;
				CLANG_ENABLE_OBJC_WEAK = YES;
				CLANG_WARN_BLOCK_CAPTURE_AUTORELEASING = YES;
				CLANG_WARN_BOOL_CONVERSION = YES;
				CLANG_WARN_COMMA = YES;
				CLANG_WARN_CONSTANT_CONVERSION = YES;
				CLANG_WARN_DEPRECATED_OBJC_IMPLEMENTATIONS = YES;
				CLANG_WARN_DIRECT_OBJC_ISA_USAGE = YES_ERROR;
				CLANG_WARN_DOCUMENTATION_COMMENTS = YES;
				CLANG_WARN_EMPTY_BODY = YES;
				CLANG_WARN_ENUM_CONVERSION = YES;
				CLANG_WARN_INFINITE_RECURSION = YES;
				CLANG_WARN_INT_CONVERSION = YES;
				CLANG_WARN_NON_LITERAL_NULL_CONVERSION = YES;
				CLANG_WARN_OBJC_IMPLICIT_RETAIN_SELF = YES;
				CLANG_WARN_OBJC_LITERAL_CONVERSION = YES;
				CLANG_WARN_OBJC_ROOT_CLASS = YES_ERROR;
				CLANG_WARN_RANGE_LOOP_ANALYSIS = YES;
				CLANG_WARN_STRICT_PROTOTYPES = YES;
				CLANG_WARN_SUSPICIOUS_MOVE = YES;
				CLANG_WARN_UNGUARDED_AVAILABILITY = YES_AGGRESSIVE;
				CLANG_WARN_UNREACHABLE_CODE = YES;
				CLANG_WARN__DUPLICATE_METHOD_MATCH = YES;
				CODE_SIGN_IDENTITY = "iPhone Developer";
				COPY_PHASE_STRIP = NO;
				DEBUG_INFORMATION_FORMAT = "dwarf-with-dsym";
				ENABLE_NS_ASSERTIONS = NO;
				ENABLE_STRICT_OBJC_MSGSEND = YES;
				GCC_C_LANGUAGE_STANDARD = gnu11;
				GCC_NO_COMMON_BLOCKS = YES;
				GCC_WARN_64_TO_32_BIT_CONVERSION = YES;
				GCC_WARN_ABOUT_RETURN_TYPE = YES_ERROR;
				GCC_WARN_UNDECLARED_SELECTOR = YES;
				GCC_WARN_UNINITIALIZED_AUTOS = YES_AGGRESSIVE;
				GCC_WARN_UNUSED_FUNCTION = YES;
				GCC_WARN_UNUSED_VARIABLE = YES;
				IPHONEOS_DEPLOYMENT_TARGET = 11.4;
				MTL_ENABLE_DEBUG_INFO = NO;
				SDKROOT = iphoneos;
				SWIFT_COMPILATION_MODE = wholemodule;
				SWIFT_OPTIMIZATION_LEVEL = "-O";
				VALIDATE_PRODUCT = YES;
			};
			name = Release;
		};
		D0F9CC49214A8E6300C51BD6 /* Debug */ = {
			isa = XCBuildConfiguration;
			baseConfigurationReference = 018B747783F7C1779FEB3EC7 /* Pods-ToDoList.debug.xcconfig */;
			buildSettings = {
				ASSETCATALOG_COMPILER_APPICON_NAME = AppIcon;
				CODE_SIGN_STYLE = Automatic;
				DEVELOPMENT_TEAM = 7RPFL7EXKD;
				INFOPLIST_FILE = ToDoList/Info.plist;
				IPHONEOS_DEPLOYMENT_TARGET = 11.0;
				LD_RUNPATH_SEARCH_PATHS = (
					"$(inherited)",
					"@executable_path/Frameworks",
				);
				PRODUCT_BUNDLE_IDENTIFIER = m.dobashi.ToDoList;
				PRODUCT_NAME = "$(TARGET_NAME)";
				SWIFT_VERSION = 5.0;
				TARGETED_DEVICE_FAMILY = "1,2";
			};
			name = Debug;
		};
		D0F9CC4A214A8E6300C51BD6 /* Release */ = {
			isa = XCBuildConfiguration;
			baseConfigurationReference = 9546D7C366211327E0362A85 /* Pods-ToDoList.release.xcconfig */;
			buildSettings = {
				ASSETCATALOG_COMPILER_APPICON_NAME = AppIcon;
				CODE_SIGN_STYLE = Automatic;
				DEVELOPMENT_TEAM = 7RPFL7EXKD;
				INFOPLIST_FILE = ToDoList/Info.plist;
				IPHONEOS_DEPLOYMENT_TARGET = 11.0;
				LD_RUNPATH_SEARCH_PATHS = (
					"$(inherited)",
					"@executable_path/Frameworks",
				);
				PRODUCT_BUNDLE_IDENTIFIER = m.dobashi.ToDoList;
				PRODUCT_NAME = "$(TARGET_NAME)";
				SWIFT_VERSION = 5.0;
				TARGETED_DEVICE_FAMILY = "1,2";
			};
			name = Release;
		};
/* End XCBuildConfiguration section */

/* Begin XCConfigurationList section */
		D0A6A5F7219C4D0200D6A526 /* Build configuration list for PBXNativeTarget "ToDoListTests" */ = {
			isa = XCConfigurationList;
			buildConfigurations = (
				D0A6A5F8219C4D0200D6A526 /* Debug */,
				D0A6A5F9219C4D0200D6A526 /* Release */,
			);
			defaultConfigurationIsVisible = 0;
			defaultConfigurationName = Release;
		};
		D0BB76D7219DAC7F000AF1E4 /* Build configuration list for PBXNativeTarget "ToDoListUITests" */ = {
			isa = XCConfigurationList;
			buildConfigurations = (
				D0BB76D5219DAC7F000AF1E4 /* Debug */,
				D0BB76D6219DAC7F000AF1E4 /* Release */,
			);
			defaultConfigurationIsVisible = 0;
			defaultConfigurationName = Release;
		};
		D0F9CC31214A8E6000C51BD6 /* Build configuration list for PBXProject "ToDoList" */ = {
			isa = XCConfigurationList;
			buildConfigurations = (
				D0F9CC46214A8E6300C51BD6 /* Debug */,
				D0F9CC47214A8E6300C51BD6 /* Release */,
			);
			defaultConfigurationIsVisible = 0;
			defaultConfigurationName = Release;
		};
		D0F9CC48214A8E6300C51BD6 /* Build configuration list for PBXNativeTarget "ToDoList" */ = {
			isa = XCConfigurationList;
			buildConfigurations = (
				D0F9CC49214A8E6300C51BD6 /* Debug */,
				D0F9CC4A214A8E6300C51BD6 /* Release */,
			);
			defaultConfigurationIsVisible = 0;
			defaultConfigurationName = Release;
		};
/* End XCConfigurationList section */
	};
	rootObject = D0F9CC2E214A8E6000C51BD6 /* Project object */;
}
